
Microsoft Visual Studio Solution File, Format Version 12.00
# Visual Studio Version 17
VisualStudioVersion = 17.4.33122.133
MinimumVisualStudioVersion = 10.0.40219.1
Project("{9A19103F-16F7-4668-BE54-9A1E7A4F7556}") = "ManageSPList", "ManageSPList\ManageSPList.csproj", "{EB90823F-954E-4FE6-8951-4A5FA40980CE}"
EndProject
Project("{9A19103F-16F7-4668-BE54-9A1E7A4F7556}") = "ApplicationModels", "ApplicationModels\ApplicationModels.csproj", "{81E16578-E48D-47D2-BB12-3871A434F095}"
EndProject
Project("{9A19103F-16F7-4668-BE54-9A1E7A4F7556}") = "AppCommon", "AppCommon\AppCommon.csproj", "{7DFD07AC-BFBD-4F0D-9EAD-4334C951FCF7}"
EndProject
Project("{2150E333-8FDC-42A3-9474-1A3956D46DE8}") = "Plugins", "Plugins", "{8C3F0F06-CFE4-4EA6-9656-CB4989907713}"
EndProject
Project("{9A19103F-16F7-4668-BE54-9A1E7A4F7556}") = "PsqlAccess", "Plugins\PsqlAccess\PsqlAccess.csproj", "{35D7966D-2F82-47FB-A5E2-FE7E6B35B69C}"
EndProject
Project("{9A19103F-16F7-4668-BE54-9A1E7A4F7556}") = "ModelGeneration", "ModelGeneration\ModelGeneration.csproj", "{4B00391A-00C3-47AF-8B1A-183DFB84597A}"
EndProject
Project("{9A19103F-16F7-4668-BE54-9A1E7A4F7556}") = "ManageQQQList", "ManageQQQList\ManageQQQList.csproj", "{55D4F0CC-DC8C-4589-B523-991DBA0BC49E}"
EndProject
Project("{9A19103F-16F7-4668-BE54-9A1E7A4F7556}") = "ManageDowList", "ManageDowList\ManageDowList.csproj", "{2AF40908-BBB4-475F-953C-2DDA261DC00C}"
EndProject
Project("{9A19103F-16F7-4668-BE54-9A1E7A4F7556}") = "EarnCal", "EarnCal\EarnCal.csproj", "{4EB100B8-53D3-4DA4-8C48-F4837C88FF86}"
EndProject
Project("{9A19103F-16F7-4668-BE54-9A1E7A4F7556}") = "EarningsReport", "EarningsReport\EarningsReport.csproj", "{57C7259F-00D7-44A7-BB2D-5CF13B757D69}"
EndProject
Project("{9A19103F-16F7-4668-BE54-9A1E7A4F7556}") = "QuotesManager", "QuotesManager\QuotesManager.csproj", "{58D7091C-3A3B-49C8-ACF0-918842DB9DB0}"
EndProject
Project("{9A19103F-16F7-4668-BE54-9A1E7A4F7556}") = "TechnicalAnalysis", "TechnicalAnalysis\TechnicalAnalysis.csproj", "{4FCE7873-5977-4293-A55F-81B55BAF1F3E}"
EndProject
Project("{2150E333-8FDC-42A3-9474-1A3956D46DE8}") = "FrontEnd", "FrontEnd", "{5DA79C8F-D423-407D-BCDA-7265A5662761}"
EndProject
Project("{9A19103F-16F7-4668-BE54-9A1E7A4F7556}") = "Presentation", "FrontEnd\Presentation\Presentation.csproj", "{47713E32-C55B-4600-A264-4CDB02F1CBA8}"
EndProject
Project("{9A19103F-16F7-4668-BE54-9A1E7A4F7556}") = "PresentationHelper", "FrontEnd\PresentationHelper\PresentationHelper.csproj", "{A7536E01-7BBA-4529-A0EE-19257760F4EE}"
EndProject
Project("{FAE04EC0-301F-11D3-BF4B-00C04F79EFBC}") = "ManageSimFinRatings", "ManageSimFinRatings\ManageSimFinRatings.csproj", "{127A7C4F-39C0-4D12-8DE3-73465E4B1D71}"
EndProject
Global
	GlobalSection(SolutionConfigurationPlatforms) = preSolution
		Debug|Any CPU = Debug|Any CPU
		Release|Any CPU = Release|Any CPU
	EndGlobalSection
	GlobalSection(ProjectConfigurationPlatforms) = postSolution
		{EB90823F-954E-4FE6-8951-4A5FA40980CE}.Debug|Any CPU.ActiveCfg = Debug|Any CPU
		{EB90823F-954E-4FE6-8951-4A5FA40980CE}.Debug|Any CPU.Build.0 = Debug|Any CPU
		{EB90823F-954E-4FE6-8951-4A5FA40980CE}.Release|Any CPU.ActiveCfg = Release|Any CPU
		{EB90823F-954E-4FE6-8951-4A5FA40980CE}.Release|Any CPU.Build.0 = Release|Any CPU
		{81E16578-E48D-47D2-BB12-3871A434F095}.Debug|Any CPU.ActiveCfg = Debug|Any CPU
		{81E16578-E48D-47D2-BB12-3871A434F095}.Debug|Any CPU.Build.0 = Debug|Any CPU
		{81E16578-E48D-47D2-BB12-3871A434F095}.Release|Any CPU.ActiveCfg = Release|Any CPU
		{81E16578-E48D-47D2-BB12-3871A434F095}.Release|Any CPU.Build.0 = Release|Any CPU
		{7DFD07AC-BFBD-4F0D-9EAD-4334C951FCF7}.Debug|Any CPU.ActiveCfg = Debug|Any CPU
		{7DFD07AC-BFBD-4F0D-9EAD-4334C951FCF7}.Debug|Any CPU.Build.0 = Debug|Any CPU
		{7DFD07AC-BFBD-4F0D-9EAD-4334C951FCF7}.Release|Any CPU.ActiveCfg = Release|Any CPU
		{7DFD07AC-BFBD-4F0D-9EAD-4334C951FCF7}.Release|Any CPU.Build.0 = Release|Any CPU
		{35D7966D-2F82-47FB-A5E2-FE7E6B35B69C}.Debug|Any CPU.ActiveCfg = Debug|Any CPU
		{35D7966D-2F82-47FB-A5E2-FE7E6B35B69C}.Debug|Any CPU.Build.0 = Debug|Any CPU
		{35D7966D-2F82-47FB-A5E2-FE7E6B35B69C}.Release|Any CPU.ActiveCfg = Release|Any CPU
		{35D7966D-2F82-47FB-A5E2-FE7E6B35B69C}.Release|Any CPU.Build.0 = Release|Any CPU
		{4B00391A-00C3-47AF-8B1A-183DFB84597A}.Debug|Any CPU.ActiveCfg = Debug|Any CPU
		{4B00391A-00C3-47AF-8B1A-183DFB84597A}.Debug|Any CPU.Build.0 = Debug|Any CPU
		{4B00391A-00C3-47AF-8B1A-183DFB84597A}.Release|Any CPU.ActiveCfg = Release|Any CPU
		{4B00391A-00C3-47AF-8B1A-183DFB84597A}.Release|Any CPU.Build.0 = Release|Any CPU
		{55D4F0CC-DC8C-4589-B523-991DBA0BC49E}.Debug|Any CPU.ActiveCfg = Debug|Any CPU
		{55D4F0CC-DC8C-4589-B523-991DBA0BC49E}.Debug|Any CPU.Build.0 = Debug|Any CPU
		{55D4F0CC-DC8C-4589-B523-991DBA0BC49E}.Release|Any CPU.ActiveCfg = Release|Any CPU
		{55D4F0CC-DC8C-4589-B523-991DBA0BC49E}.Release|Any CPU.Build.0 = Release|Any CPU
		{2AF40908-BBB4-475F-953C-2DDA261DC00C}.Debug|Any CPU.ActiveCfg = Debug|Any CPU
		{2AF40908-BBB4-475F-953C-2DDA261DC00C}.Debug|Any CPU.Build.0 = Debug|Any CPU
		{2AF40908-BBB4-475F-953C-2DDA261DC00C}.Release|Any CPU.ActiveCfg = Release|Any CPU
		{2AF40908-BBB4-475F-953C-2DDA261DC00C}.Release|Any CPU.Build.0 = Release|Any CPU
		{4EB100B8-53D3-4DA4-8C48-F4837C88FF86}.Debug|Any CPU.ActiveCfg = Debug|Any CPU
		{4EB100B8-53D3-4DA4-8C48-F4837C88FF86}.Debug|Any CPU.Build.0 = Debug|Any CPU
		{4EB100B8-53D3-4DA4-8C48-F4837C88FF86}.Release|Any CPU.ActiveCfg = Release|Any CPU
		{4EB100B8-53D3-4DA4-8C48-F4837C88FF86}.Release|Any CPU.Build.0 = Release|Any CPU
		{57C7259F-00D7-44A7-BB2D-5CF13B757D69}.Debug|Any CPU.ActiveCfg = Debug|Any CPU
		{57C7259F-00D7-44A7-BB2D-5CF13B757D69}.Debug|Any CPU.Build.0 = Debug|Any CPU
		{57C7259F-00D7-44A7-BB2D-5CF13B757D69}.Release|Any CPU.ActiveCfg = Release|Any CPU
		{57C7259F-00D7-44A7-BB2D-5CF13B757D69}.Release|Any CPU.Build.0 = Release|Any CPU
		{58D7091C-3A3B-49C8-ACF0-918842DB9DB0}.Debug|Any CPU.ActiveCfg = Debug|Any CPU
		{58D7091C-3A3B-49C8-ACF0-918842DB9DB0}.Debug|Any CPU.Build.0 = Debug|Any CPU
		{58D7091C-3A3B-49C8-ACF0-918842DB9DB0}.Release|Any CPU.ActiveCfg = Release|Any CPU
		{58D7091C-3A3B-49C8-ACF0-918842DB9DB0}.Release|Any CPU.Build.0 = Release|Any CPU
		{4FCE7873-5977-4293-A55F-81B55BAF1F3E}.Debug|Any CPU.ActiveCfg = Debug|Any CPU
		{4FCE7873-5977-4293-A55F-81B55BAF1F3E}.Debug|Any CPU.Build.0 = Debug|Any CPU
		{4FCE7873-5977-4293-A55F-81B55BAF1F3E}.Release|Any CPU.ActiveCfg = Release|Any CPU
		{4FCE7873-5977-4293-A55F-81B55BAF1F3E}.Release|Any CPU.Build.0 = Release|Any CPU
		{47713E32-C55B-4600-A264-4CDB02F1CBA8}.Debug|Any CPU.ActiveCfg = Debug|Any CPU
		{47713E32-C55B-4600-A264-4CDB02F1CBA8}.Debug|Any CPU.Build.0 = Debug|Any CPU
		{47713E32-C55B-4600-A264-4CDB02F1CBA8}.Release|Any CPU.ActiveCfg = Release|Any CPU
		{47713E32-C55B-4600-A264-4CDB02F1CBA8}.Release|Any CPU.Build.0 = Release|Any CPU
		{A7536E01-7BBA-4529-A0EE-19257760F4EE}.Debug|Any CPU.ActiveCfg = Debug|Any CPU
		{A7536E01-7BBA-4529-A0EE-19257760F4EE}.Debug|Any CPU.Build.0 = Debug|Any CPU
		{A7536E01-7BBA-4529-A0EE-19257760F4EE}.Release|Any CPU.ActiveCfg = Release|Any CPU
		{A7536E01-7BBA-4529-A0EE-19257760F4EE}.Release|Any CPU.Build.0 = Release|Any CPU
		{127A7C4F-39C0-4D12-8DE3-73465E4B1D71}.Debug|Any CPU.ActiveCfg = Debug|Any CPU
		{127A7C4F-39C0-4D12-8DE3-73465E4B1D71}.Debug|Any CPU.Build.0 = Debug|Any CPU
		{127A7C4F-39C0-4D12-8DE3-73465E4B1D71}.Release|Any CPU.ActiveCfg = Release|Any CPU
		{127A7C4F-39C0-4D12-8DE3-73465E4B1D71}.Release|Any CPU.Build.0 = Release|Any CPU
	EndGlobalSection
	GlobalSection(SolutionProperties) = preSolution
		HideSolutionNode = FALSE
	EndGlobalSection
	GlobalSection(NestedProjects) = preSolution
		{35D7966D-2F82-47FB-A5E2-FE7E6B35B69C} = {8C3F0F06-CFE4-4EA6-9656-CB4989907713}
		{47713E32-C55B-4600-A264-4CDB02F1CBA8} = {5DA79C8F-D423-407D-BCDA-7265A5662761}
		{A7536E01-7BBA-4529-A0EE-19257760F4EE} = {5DA79C8F-D423-407D-BCDA-7265A5662761}
	EndGlobalSection
	GlobalSection(ExtensibilityGlobals) = postSolution
		SolutionGuid = {67B959B9-60DA-41E3-B1CB-972AB772D388}
	EndGlobalSection
EndGlobal
